
Microsoft Visual Studio Solution File, Format Version 12.00
# Visual Studio 15
VisualStudioVersion = 15.0.28307.902
MinimumVisualStudioVersion = 10.0.40219.1
Project("{FAE04EC0-301F-11D3-BF4B-00C04F79EFBC}") = "Xslt-study", "Xslt-study\Xslt-study.csproj", "{F499E5A0-256A-4FBB-897F-AD26EDA30590}"
EndProject
Global
	GlobalSection(SolutionConfigurationPlatforms) = preSolution
		Debug|Any CPU = Debug|Any CPU
		Release|Any CPU = Release|Any CPU
	EndGlobalSection
	GlobalSection(ProjectConfigurationPlatforms) = postSolution
		{F499E5A0-256A-4FBB-897F-AD26EDA30590}.Debug|Any CPU.ActiveCfg = Debug|Any CPU
		{F499E5A0-256A-4FBB-897F-AD26EDA30590}.Debug|Any CPU.Build.0 = Debug|Any CPU
		{F499E5A0-256A-4FBB-897F-AD26EDA30590}.Release|Any CPU.ActiveCfg = Release|Any CPU
		{F499E5A0-256A-4FBB-897F-AD26EDA30590}.Release|Any CPU.Build.0 = Release|Any CPU
	EndGlobalSection
	GlobalSection(SolutionProperties) = preSolution
		HideSolutionNode = FALSE
	EndGlobalSection
	GlobalSection(ExtensibilityGlobals) = postSolution
		SolutionGuid = {2D03F654-750A-47B6-A0F3-E764E98D75B1}
	EndGlobalSection
EndGlobal
